{
  "version": 4,
  "terraform_version": "1.3.3",
  "serial": 36,
  "lineage": "ffb42617-8cc3-4f68-abfc-d3ed06fe6bd0",
  "outputs": {},
  "resources": [
    {
      "module": "module.infrastructure",
      "mode": "managed",
      "type": "google_compute_firewall",
      "name": "ssh-firewall",
      "provider": "provider[\"registry.terraform.io/hashicorp/google\"]",
      "instances": [
        {
          "schema_version": 1,
          "attributes": {
            "allow": [
              {
                "ports": [
                  "22",
                  "80"
                ],
                "protocol": "tcp"
              }
            ],
            "creation_timestamp": "2022-11-18T07:00:40.213-08:00",
            "deny": [],
            "description": "",
            "destination_ranges": [],
            "direction": "INGRESS",
            "disabled": false,
            "enable_logging": null,
            "id": "projects/gcp-final-project-368718/global/firewalls/fw-allow-ssh",
            "log_config": [],
            "name": "fw-allow-ssh",
            "network": "https://www.googleapis.com/compute/v1/projects/gcp-final-project-368718/global/networks/my-vpc",
            "priority": 1000,
            "project": "gcp-final-project-368718",
            "self_link": "https://www.googleapis.com/compute/v1/projects/gcp-final-project-368718/global/firewalls/fw-allow-ssh",
            "source_ranges": [
              "35.235.240.0/20"
            ],
            "source_service_accounts": null,
            "source_tags": null,
            "target_service_accounts": null,
            "target_tags": null,
            "timeouts": null
          },
          "sensitive_attributes": [],
          "private": "eyJlMmJmYjczMC1lY2FhLTExZTYtOGY4OC0zNDM2M2JjN2M0YzAiOnsiY3JlYXRlIjoxMjAwMDAwMDAwMDAwLCJkZWxldGUiOjEyMDAwMDAwMDAwMDAsInVwZGF0ZSI6MTIwMDAwMDAwMDAwMH0sInNjaGVtYV92ZXJzaW9uIjoiMSJ9",
          "dependencies": [
            "module.infrastructure.google_compute_network.my-vpc"
          ]
        }
      ]
    },
    {
      "module": "module.infrastructure",
      "mode": "managed",
      "type": "google_compute_instance",
      "name": "private-vm",
      "provider": "provider[\"registry.terraform.io/hashicorp/google\"]",
      "instances": [
        {
          "schema_version": 6,
          "attributes": {
            "advanced_machine_features": [],
            "allow_stopping_for_update": null,
            "attached_disk": [],
            "boot_disk": [
              {
                "auto_delete": true,
                "device_name": "persistent-disk-0",
                "disk_encryption_key_raw": "",
                "disk_encryption_key_sha256": "",
                "initialize_params": [
                  {
                    "image": "https://www.googleapis.com/compute/v1/projects/debian-cloud/global/images/debian-11-bullseye-v20221102",
                    "labels": {},
                    "size": 10,
                    "type": "pd-standard"
                  }
                ],
                "kms_key_self_link": "",
                "mode": "READ_WRITE",
                "source": "https://www.googleapis.com/compute/v1/projects/gcp-final-project-368718/zones/us-central1-a/disks/private-vm"
              }
            ],
            "can_ip_forward": false,
            "confidential_instance_config": [],
            "cpu_platform": "Intel Broadwell",
            "current_status": "RUNNING",
            "deletion_protection": false,
            "description": "",
            "desired_status": null,
            "enable_display": false,
            "guest_accelerator": [],
            "hostname": "",
            "id": "projects/gcp-final-project-368718/zones/us-central1-a/instances/private-vm",
            "instance_id": "2333227045273346249",
            "label_fingerprint": "42WmSpB8rSM=",
            "labels": null,
            "machine_type": "e2-micro",
            "metadata": null,
            "metadata_fingerprint": "CHR6CFllP54=",
            "metadata_startup_script": "curl -LO \"https://dl.k8s.io/release/$(curl -L -s https://dl.k8s.io/release/stable.txt)/bin/linux/amd64/kubectl\"\ncurl -LO \"https://dl.k8s.io/$(curl -L -s https://dl.k8s.io/release/stable.txt)/bin/linux/amd64/kubectl.sha256\"\necho \"$(cat kubectl.sha256)  kubectl\" | sha256sum --check\nsudo install -o root -g root -m 0755 kubectl /usr/local/bin/kubectl\nchmod +x kubectl\nmkdir -p ~/.local/bin\nmv ./kubectl ~/.local/bin/kubectl\nkubectl version --client\n\nsudo apt-get install google-cloud-sdk-gke-gcloud-auth-plugin\nsudo apt-get install apt-transport-https ca-certificates gnupg\necho \"deb [signed-by=/usr/share/keyrings/cloud.google.gpg] https://packages.cloud.google.com/apt cloud-sdk main\" | sudo tee -a /etc/apt/sources.list.d/google-cloud-sdk.list\ncurl https://packages.cloud.google.com/apt/doc/apt-key.gpg | sudo apt-key --keyring /usr/share/keyrings/cloud.google.gpg add -\nsudo apt-get update \u0026\u0026 sudo apt-get install google-cloud-cli",
            "min_cpu_platform": "",
            "name": "private-vm",
            "network_interface": [
              {
                "access_config": [],
                "alias_ip_range": [],
                "ipv6_access_config": [],
                "ipv6_access_type": "",
                "name": "nic0",
                "network": "https://www.googleapis.com/compute/v1/projects/gcp-final-project-368718/global/networks/my-vpc",
                "network_ip": "10.0.0.2",
                "nic_type": "",
                "queue_count": 0,
                "stack_type": "IPV4_ONLY",
                "subnetwork": "https://www.googleapis.com/compute/v1/projects/gcp-final-project-368718/regions/us-central1/subnetworks/management-subnet",
                "subnetwork_project": "gcp-final-project-368718"
              }
            ],
            "project": "gcp-final-project-368718",
            "reservation_affinity": [],
            "resource_policies": null,
            "scheduling": [
              {
                "automatic_restart": true,
                "instance_termination_action": "",
                "min_node_cpus": 0,
                "node_affinities": [],
                "on_host_maintenance": "MIGRATE",
                "preemptible": false,
                "provisioning_model": "STANDARD"
              }
            ],
            "scratch_disk": [],
            "self_link": "https://www.googleapis.com/compute/v1/projects/gcp-final-project-368718/zones/us-central1-a/instances/private-vm",
            "service_account": [
              {
                "email": "serviceaccountid1@gcp-final-project-368718.iam.gserviceaccount.com",
                "scopes": [
                  "https://www.googleapis.com/auth/cloud-platform"
                ]
              }
            ],
            "shielded_instance_config": [
              {
                "enable_integrity_monitoring": true,
                "enable_secure_boot": false,
                "enable_vtpm": true
              }
            ],
            "tags": null,
            "tags_fingerprint": "42WmSpB8rSM=",
            "timeouts": null,
            "zone": "us-central1-a"
          },
          "sensitive_attributes": [],
          "private": "eyJlMmJmYjczMC1lY2FhLTExZTYtOGY4OC0zNDM2M2JjN2M0YzAiOnsiY3JlYXRlIjoxMjAwMDAwMDAwMDAwLCJkZWxldGUiOjEyMDAwMDAwMDAwMDAsInVwZGF0ZSI6MTIwMDAwMDAwMDAwMH0sInNjaGVtYV92ZXJzaW9uIjoiNiJ9",
          "dependencies": [
            "module.infrastructure.google_compute_network.my-vpc",
            "module.infrastructure.google_compute_subnetwork.management-subnet",
            "module.infrastructure.google_service_account.mang-sa"
          ]
        }
      ]
    },
    {
      "module": "module.infrastructure",
      "mode": "managed",
      "type": "google_compute_network",
      "name": "my-vpc",
      "provider": "provider[\"registry.terraform.io/hashicorp/google\"]",
      "instances": [
        {
          "schema_version": 0,
          "attributes": {
            "auto_create_subnetworks": false,
            "delete_default_routes_on_create": false,
            "description": "",
            "enable_ula_internal_ipv6": false,
            "gateway_ipv4": "",
            "id": "projects/gcp-final-project-368718/global/networks/my-vpc",
            "internal_ipv6_range": "",
            "mtu": 0,
            "name": "my-vpc",
            "project": "gcp-final-project-368718",
            "routing_mode": "REGIONAL",
            "self_link": "https://www.googleapis.com/compute/v1/projects/gcp-final-project-368718/global/networks/my-vpc",
            "timeouts": null
          },
          "sensitive_attributes": [],
          "private": "eyJlMmJmYjczMC1lY2FhLTExZTYtOGY4OC0zNDM2M2JjN2M0YzAiOnsiY3JlYXRlIjoxMjAwMDAwMDAwMDAwLCJkZWxldGUiOjEyMDAwMDAwMDAwMDAsInVwZGF0ZSI6MTIwMDAwMDAwMDAwMH19"
        }
      ]
    },
    {
      "module": "module.infrastructure",
      "mode": "managed",
      "type": "google_compute_router",
      "name": "router",
      "provider": "provider[\"registry.terraform.io/hashicorp/google\"]",
      "instances": [
        {
          "schema_version": 0,
          "attributes": {
            "bgp": [],
            "creation_timestamp": "2022-11-18T07:00:40.689-08:00",
            "description": "",
            "encrypted_interconnect_router": false,
            "id": "projects/gcp-final-project-368718/regions/us-central1/routers/my-router",
            "name": "my-router",
            "network": "https://www.googleapis.com/compute/v1/projects/gcp-final-project-368718/global/networks/my-vpc",
            "project": "gcp-final-project-368718",
            "region": "us-central1",
            "self_link": "https://www.googleapis.com/compute/v1/projects/gcp-final-project-368718/regions/us-central1/routers/my-router",
            "timeouts": null
          },
          "sensitive_attributes": [],
          "private": "eyJlMmJmYjczMC1lY2FhLTExZTYtOGY4OC0zNDM2M2JjN2M0YzAiOnsiY3JlYXRlIjoxMjAwMDAwMDAwMDAwLCJkZWxldGUiOjEyMDAwMDAwMDAwMDAsInVwZGF0ZSI6MTIwMDAwMDAwMDAwMH19",
          "dependencies": [
            "module.infrastructure.google_compute_network.my-vpc"
          ]
        }
      ]
    },
    {
      "module": "module.infrastructure",
      "mode": "managed",
      "type": "google_compute_router_nat",
      "name": "nat",
      "provider": "provider[\"registry.terraform.io/hashicorp/google\"]",
      "instances": [
        {
          "schema_version": 0,
          "attributes": {
            "drain_nat_ips": null,
            "enable_dynamic_port_allocation": false,
            "enable_endpoint_independent_mapping": true,
            "icmp_idle_timeout_sec": 30,
            "id": "gcp-final-project-368718/us-central1/my-router/my-router-nat",
            "log_config": [],
            "max_ports_per_vm": 0,
            "min_ports_per_vm": 0,
            "name": "my-router-nat",
            "nat_ip_allocate_option": "AUTO_ONLY",
            "nat_ips": null,
            "project": "gcp-final-project-368718",
            "region": "us-central1",
            "router": "my-router",
            "rules": [],
            "source_subnetwork_ip_ranges_to_nat": "LIST_OF_SUBNETWORKS",
            "subnetwork": [
              {
                "name": "projects/gcp-final-project-368718/regions/us-central1/subnetworks/management-subnet",
                "secondary_ip_range_names": [],
                "source_ip_ranges_to_nat": [
                  "ALL_IP_RANGES"
                ]
              },
              {
                "name": "projects/gcp-final-project-368718/regions/us-central1/subnetworks/restricted-subnet",
                "secondary_ip_range_names": [],
                "source_ip_ranges_to_nat": [
                  "ALL_IP_RANGES"
                ]
              }
            ],
            "tcp_established_idle_timeout_sec": 1200,
            "tcp_transitory_idle_timeout_sec": 30,
            "timeouts": null,
            "udp_idle_timeout_sec": 30
          },
          "sensitive_attributes": [],
          "private": "eyJlMmJmYjczMC1lY2FhLTExZTYtOGY4OC0zNDM2M2JjN2M0YzAiOnsiY3JlYXRlIjoxMjAwMDAwMDAwMDAwLCJkZWxldGUiOjEyMDAwMDAwMDAwMDAsInVwZGF0ZSI6MTIwMDAwMDAwMDAwMH19",
          "dependencies": [
            "module.infrastructure.google_compute_network.my-vpc",
            "module.infrastructure.google_compute_router.router",
            "module.infrastructure.google_compute_subnetwork.management-subnet",
            "module.infrastructure.google_compute_subnetwork.restricted-subnet"
          ]
        }
      ]
    },
    {
      "module": "module.infrastructure",
      "mode": "managed",
      "type": "google_compute_subnetwork",
      "name": "management-subnet",
      "provider": "provider[\"registry.terraform.io/hashicorp/google\"]",
      "instances": [
        {
          "schema_version": 0,
          "attributes": {
            "creation_timestamp": "2022-11-18T07:00:40.702-08:00",
            "description": "",
            "external_ipv6_prefix": "",
            "fingerprint": null,
            "gateway_address": "10.0.0.1",
            "id": "projects/gcp-final-project-368718/regions/us-central1/subnetworks/management-subnet",
            "ip_cidr_range": "10.0.0.0/24",
            "ipv6_access_type": "",
            "ipv6_cidr_range": "",
            "log_config": [],
            "name": "management-subnet",
            "network": "https://www.googleapis.com/compute/v1/projects/gcp-final-project-368718/global/networks/my-vpc",
            "private_ip_google_access": false,
            "private_ipv6_google_access": "DISABLE_GOOGLE_ACCESS",
            "project": "gcp-final-project-368718",
            "purpose": "PRIVATE",
            "region": "us-central1",
            "role": "",
            "secondary_ip_range": [],
            "self_link": "https://www.googleapis.com/compute/v1/projects/gcp-final-project-368718/regions/us-central1/subnetworks/management-subnet",
            "stack_type": "IPV4_ONLY",
            "timeouts": null
          },
          "sensitive_attributes": [],
          "private": "eyJlMmJmYjczMC1lY2FhLTExZTYtOGY4OC0zNDM2M2JjN2M0YzAiOnsiY3JlYXRlIjoxMjAwMDAwMDAwMDAwLCJkZWxldGUiOjEyMDAwMDAwMDAwMDAsInVwZGF0ZSI6MTIwMDAwMDAwMDAwMH19",
          "dependencies": [
            "module.infrastructure.google_compute_network.my-vpc"
          ]
        }
      ]
    },
    {
      "module": "module.infrastructure",
      "mode": "managed",
      "type": "google_compute_subnetwork",
      "name": "restricted-subnet",
      "provider": "provider[\"registry.terraform.io/hashicorp/google\"]",
      "instances": [
        {
          "schema_version": 0,
          "attributes": {
            "creation_timestamp": "2022-11-18T07:00:40.010-08:00",
            "description": "",
            "external_ipv6_prefix": "",
            "fingerprint": null,
            "gateway_address": "10.0.1.1",
            "id": "projects/gcp-final-project-368718/regions/us-central1/subnetworks/restricted-subnet",
            "ip_cidr_range": "10.0.1.0/24",
            "ipv6_access_type": "",
            "ipv6_cidr_range": "",
            "log_config": [],
            "name": "restricted-subnet",
            "network": "https://www.googleapis.com/compute/v1/projects/gcp-final-project-368718/global/networks/my-vpc",
            "private_ip_google_access": true,
            "private_ipv6_google_access": "DISABLE_GOOGLE_ACCESS",
            "project": "gcp-final-project-368718",
            "purpose": "PRIVATE",
            "region": "us-central1",
            "role": "",
            "secondary_ip_range": [],
            "self_link": "https://www.googleapis.com/compute/v1/projects/gcp-final-project-368718/regions/us-central1/subnetworks/restricted-subnet",
            "stack_type": "IPV4_ONLY",
            "timeouts": null
          },
          "sensitive_attributes": [],
          "private": "eyJlMmJmYjczMC1lY2FhLTExZTYtOGY4OC0zNDM2M2JjN2M0YzAiOnsiY3JlYXRlIjoxMjAwMDAwMDAwMDAwLCJkZWxldGUiOjEyMDAwMDAwMDAwMDAsInVwZGF0ZSI6MTIwMDAwMDAwMDAwMH19",
          "dependencies": [
            "module.infrastructure.google_compute_network.my-vpc"
          ]
        }
      ]
    },
    {
      "module": "module.infrastructure",
      "mode": "managed",
      "type": "google_container_cluster",
      "name": "my-cluster",
      "provider": "provider[\"registry.terraform.io/hashicorp/google\"]",
      "instances": [
        {
          "schema_version": 1,
          "attributes": {
            "addons_config": [
              {
                "cloudrun_config": [],
                "dns_cache_config": [],
                "gce_persistent_disk_csi_driver_config": [
                  {
                    "enabled": true
                  }
                ],
                "gcp_filestore_csi_driver_config": [],
                "horizontal_pod_autoscaling": [],
                "http_load_balancing": [],
                "network_policy_config": [
                  {
                    "disabled": true
                  }
                ]
              }
            ],
            "authenticator_groups_config": [],
            "binary_authorization": [
              {
                "enabled": false,
                "evaluation_mode": ""
              }
            ],
            "cluster_autoscaling": [
              {
                "auto_provisioning_defaults": [],
                "enabled": false,
                "resource_limits": []
              }
            ],
            "cluster_ipv4_cidr": "10.144.0.0/14",
            "confidential_nodes": [],
            "cost_management_config": [],
            "database_encryption": [
              {
                "key_name": "",
                "state": "DECRYPTED"
              }
            ],
            "datapath_provider": "",
            "default_max_pods_per_node": 110,
            "default_snat_status": [
              {
                "disabled": false
              }
            ],
            "description": "",
            "dns_config": [],
            "enable_autopilot": false,
            "enable_binary_authorization": false,
            "enable_intranode_visibility": false,
            "enable_kubernetes_alpha": false,
            "enable_legacy_abac": false,
            "enable_shielded_nodes": true,
            "enable_tpu": false,
            "endpoint": "172.5.0.2",
            "id": "projects/gcp-final-project-368718/locations/us-central1/clusters/my-gke-cluster",
            "initial_node_count": 1,
            "ip_allocation_policy": [
              {
                "cluster_ipv4_cidr_block": "10.144.0.0/14",
                "cluster_secondary_range_name": "gke-my-gke-cluster-pods-b0dd7d47",
                "services_ipv4_cidr_block": "10.148.0.0/20",
                "services_secondary_range_name": "gke-my-gke-cluster-services-b0dd7d47"
              }
            ],
            "label_fingerprint": "a9dc16a7",
            "location": "us-central1",
            "logging_config": [
              {
                "enable_components": [
                  "SYSTEM_COMPONENTS",
                  "WORKLOADS"
                ]
              }
            ],
            "logging_service": "logging.googleapis.com/kubernetes",
            "maintenance_policy": [],
            "master_auth": [
              {
                "client_certificate": "",
                "client_certificate_config": [
                  {
                    "issue_client_certificate": false
                  }
                ],
                "client_key": "",
                "cluster_ca_certificate": "LS0tLS1CRUdJTiBDRVJUSUZJQ0FURS0tLS0tCk1JSUVMVENDQXBXZ0F3SUJBZ0lSQU9ocEJFS0NNejdYb3BGL0RLY09IUVl3RFFZSktvWklodmNOQVFFTEJRQXcKTHpFdE1Dc0dBMVVFQXhNa01tTXhNalV3WVdVdE9UY3lNQzAwTkRKakxXSm1ObVl0TVdOaU0yWTJNVEF6WVRFdwpNQ0FYRFRJeU1URXhPREUwTURBMU0xb1lEekl3TlRJeE1URXdNVFV3TURVeldqQXZNUzB3S3dZRFZRUURFeVF5Cll6RXlOVEJoWlMwNU56SXdMVFEwTW1NdFltWTJaaTB4WTJJelpqWXhNRE5oTVRBd2dnR2lNQTBHQ1NxR1NJYjMKRFFFQkFRVUFBNElCandBd2dnR0tBb0lCZ1FEUXNrbWdVays5ZGs4OTl0dEduRE1FcnY5L0VST3cwTUtUaGpqYQpqc2cydWFQNU9IS3RERFZkcnc1Qk5ldFd5U1o2VHRnbFVxYlU3ODZNaDdKYjByTGRTVDVMZy9tNlZzbFdFQWswCmtKbHpnRmdWVHZSY2NTNWFvMGpsRlNTUXYzeEsxSzMzVUR0WmdLM1FZcXhweDZ0V2lYZGhRelJucHZsbmhsOWoKMlJvbkNtZlFyVG80dTZQME9YVkVrUFUraWJuQ0M0Ukl0UHpSeTJWMHRzdHRSSFJOQ2paVnNiRFVjVURCSkJRMApkU0RTRnF5ZTBMWFU0SHNkQlNTeTBld0ZSZHJLRDhXYWlXZHVZU09IeVh5NzNBajFIRDlCcWVDVlArSHFpMnpsCmdWOGF3aSsxR3pWUzdmNHZtMXBockhPOTl5cGZJNGM3U0VXNjhycnJDM3VsQ3dwbDF1bFNYdk4rSDc2V2lNOCsKbkNLZHBudVk4Ym9ZLzJFRnN2aGpHZEN6VzR2eXd4bnV3a1lCQytNajI2VjRiK0NWcmlRcVRVUXdHUitoOEo0cQppUEF2Y2VUa0RrR0pTdS9iSDJpbTArdUlkTmJ5U2hyUm5rQzR2cWtZZnB3aC9NT3VWMEtBR2V1ck9hbkZjcjJHCkc1OTROaS9pTUR1L3R4d01aeEhvWDF4aXdHRUNBd0VBQWFOQ01FQXdEZ1lEVlIwUEFRSC9CQVFEQWdJRU1BOEcKQTFVZEV3RUIvd1FGTUFNQkFmOHdIUVlEVlIwT0JCWUVGTERzckNhaURLOGdFZTdYOW1wa1dseWVpajkrTUEwRwpDU3FHU0liM0RRRUJDd1VBQTRJQmdRQ2pEcVpPbVZMSjVRYmJJTnllV01qRGJmMk1UdCtDLzVIVlo2ektQTyt2CklIZFNkMFhoUzU5V0ZlR2tneGZ4bE5sYnV5VTQ0U0hJRFBGWnNiaEZlYkFObmtvSmNpNUc3M1JCZTA3ZGZCYzAKb2VuWXVDUThBT3NuNjhIang1RnAyQlBsN2VWV1dwTllWMnUyL0lwbjBZZE44dDJaTUZlakZkWk1xUnE0eEQzVApyZmtYdnFXMDgrSldDUU5IalhvYnFxMmIveE9tdzBIUk8rbTNRVFBNSmxaeWRJeUZhNkRkcGk0TEk0eVlsb0RICnZiYmRVME9OZEhBdFA0QzJmRWZ1cU5HWjNPUm9FVzcyMmROVm1sSnA2clYzemxoS1NjTEl4Nm9ETWh3am1iQ2IKbW0yVExKQ2pDbUw5ZlNwdEdBYW4wY2dKOE82aEVubWIrY3hDRzZ4OTZXd0R4K1REcjhTWHAyMmdWVXNsaFlicwpsZm1qdDZSZ0V5R0paYTA4cHpwSzVnVEdrenBYaHJNSk1WWjF5OFlNdXdVMlc4YmhOZU1HOHFzUEZPQ2pIdEtTCmRLSE9Xd2puUzRjQnlKMjlwZlE4aFh0OUYvQ0ExaWRvWFhXekxFZlJVUGFRZjNWYkUxNDRUN2tzelA1VmJBdmoKK09QTlBucGw4S1BGVDNFWEN2VG1WTUk9Ci0tLS0tRU5EIENFUlRJRklDQVRFLS0tLS0K"
              }
            ],
            "master_authorized_networks_config": [
              {
                "cidr_blocks": [
                  {
                    "cidr_block": "10.0.0.0/24",
                    "display_name": ""
                  }
                ]
              }
            ],
            "master_version": "1.23.8-gke.1900",
            "mesh_certificates": [],
            "min_master_version": null,
            "monitoring_config": [
              {
                "enable_components": [
                  "SYSTEM_COMPONENTS"
                ]
              }
            ],
            "monitoring_service": "monitoring.googleapis.com/kubernetes",
            "name": "my-gke-cluster",
            "network": "projects/gcp-final-project-368718/global/networks/my-vpc",
            "network_policy": [
              {
                "enabled": false,
                "provider": "PROVIDER_UNSPECIFIED"
              }
            ],
            "networking_mode": "VPC_NATIVE",
            "node_config": [],
            "node_locations": [
              "us-central1-a",
              "us-central1-b",
              "us-central1-f"
            ],
            "node_pool": [],
            "node_version": "1.23.8-gke.1900",
            "notification_config": [
              {
                "pubsub": [
                  {
                    "enabled": false,
                    "filter": [],
                    "topic": ""
                  }
                ]
              }
            ],
            "operation": null,
            "private_cluster_config": [
              {
                "enable_private_endpoint": true,
                "enable_private_nodes": true,
                "master_global_access_config": [
                  {
                    "enabled": false
                  }
                ],
                "master_ipv4_cidr_block": "172.5.0.0/28",
                "peering_name": "gke-nc0b8e22b0cfd667f823-8089-ffb0-peer",
                "private_endpoint": "172.5.0.2",
                "public_endpoint": "35.238.3.168"
              }
            ],
            "private_ipv6_google_access": "",
            "project": "gcp-final-project-368718",
            "release_channel": [
              {
                "channel": "REGULAR"
              }
            ],
            "remove_default_node_pool": true,
            "resource_labels": null,
            "resource_usage_export_config": [],
            "self_link": "https://container.googleapis.com/v1/projects/gcp-final-project-368718/locations/us-central1/clusters/my-gke-cluster",
            "service_external_ips_config": [
              {
                "enabled": false
              }
            ],
            "services_ipv4_cidr": "10.148.0.0/20",
            "subnetwork": "projects/gcp-final-project-368718/regions/us-central1/subnetworks/restricted-subnet",
            "timeouts": null,
            "tpu_ipv4_cidr_block": "",
            "vertical_pod_autoscaling": [],
            "workload_identity_config": []
          },
          "sensitive_attributes": [],
          "private": "eyJlMmJmYjczMC1lY2FhLTExZTYtOGY4OC0zNDM2M2JjN2M0YzAiOnsiY3JlYXRlIjoyNDAwMDAwMDAwMDAwLCJkZWxldGUiOjI0MDAwMDAwMDAwMDAsInJlYWQiOjI0MDAwMDAwMDAwMDAsInVwZGF0ZSI6MzYwMDAwMDAwMDAwMH0sInNjaGVtYV92ZXJzaW9uIjoiMSJ9",
          "dependencies": [
            "module.infrastructure.google_compute_network.my-vpc",
            "module.infrastructure.google_compute_subnetwork.restricted-subnet"
          ]
        }
      ]
    },
    {
      "module": "module.infrastructure",
      "mode": "managed",
      "type": "google_container_node_pool",
      "name": "my_nodes",
      "provider": "provider[\"registry.terraform.io/hashicorp/google\"]",
      "instances": [
        {
          "schema_version": 1,
          "attributes": {
            "autoscaling": [],
            "cluster": "my-gke-cluster",
            "id": "projects/gcp-final-project-368718/locations/us-central1/clusters/my-gke-cluster/nodePools/my-node-pool",
            "initial_node_count": 1,
            "instance_group_urls": [
              "https://www.googleapis.com/compute/v1/projects/gcp-final-project-368718/zones/us-central1-a/instanceGroupManagers/gke-my-gke-cluster-my-node-pool-e8f4e878-grp",
              "https://www.googleapis.com/compute/v1/projects/gcp-final-project-368718/zones/us-central1-b/instanceGroupManagers/gke-my-gke-cluster-my-node-pool-f566091d-grp",
              "https://www.googleapis.com/compute/v1/projects/gcp-final-project-368718/zones/us-central1-f/instanceGroupManagers/gke-my-gke-cluster-my-node-pool-edf8c065-grp"
            ],
            "location": "us-central1",
            "managed_instance_group_urls": [
              "https://www.googleapis.com/compute/v1/projects/gcp-final-project-368718/zones/us-central1-a/instanceGroups/gke-my-gke-cluster-my-node-pool-e8f4e878-grp",
              "https://www.googleapis.com/compute/v1/projects/gcp-final-project-368718/zones/us-central1-b/instanceGroups/gke-my-gke-cluster-my-node-pool-f566091d-grp",
              "https://www.googleapis.com/compute/v1/projects/gcp-final-project-368718/zones/us-central1-f/instanceGroups/gke-my-gke-cluster-my-node-pool-edf8c065-grp"
            ],
            "management": [
              {
                "auto_repair": true,
                "auto_upgrade": true
              }
            ],
            "max_pods_per_node": 110,
            "name": "my-node-pool",
            "name_prefix": "",
            "node_config": [
              {
                "boot_disk_kms_key": "",
                "disk_size_gb": 100,
                "disk_type": "pd-standard",
                "gcfs_config": [],
                "guest_accelerator": [],
                "gvnic": [],
                "image_type": "COS_CONTAINERD",
                "labels": {},
                "local_ssd_count": 0,
                "machine_type": "e2-medium",
                "metadata": {
                  "disable-legacy-endpoints": "true"
                },
                "min_cpu_platform": "",
                "node_group": "",
                "oauth_scopes": [
                  "https://www.googleapis.com/auth/cloud-platform"
                ],
                "preemptible": false,
                "reservation_affinity": [],
                "service_account": "service-account-k8@gcp-final-project-368718.iam.gserviceaccount.com",
                "shielded_instance_config": [
                  {
                    "enable_integrity_monitoring": true,
                    "enable_secure_boot": false
                  }
                ],
                "spot": false,
                "tags": null,
                "taint": [],
                "workload_metadata_config": []
              }
            ],
            "node_count": 1,
            "node_locations": [
              "us-central1-a",
              "us-central1-b",
              "us-central1-f"
            ],
            "operation": null,
            "project": "gcp-final-project-368718",
            "timeouts": null,
            "upgrade_settings": [
              {
                "max_surge": 1,
                "max_unavailable": 0
              }
            ],
            "version": "1.23.8-gke.1900"
          },
          "sensitive_attributes": [],
          "private": "eyJlMmJmYjczMC1lY2FhLTExZTYtOGY4OC0zNDM2M2JjN2M0YzAiOnsiY3JlYXRlIjoxODAwMDAwMDAwMDAwLCJkZWxldGUiOjE4MDAwMDAwMDAwMDAsInVwZGF0ZSI6MTgwMDAwMDAwMDAwMH0sInNjaGVtYV92ZXJzaW9uIjoiMSJ9",
          "dependencies": [
            "module.infrastructure.google_compute_network.my-vpc",
            "module.infrastructure.google_compute_subnetwork.restricted-subnet",
            "module.infrastructure.google_container_cluster.my-cluster",
            "module.infrastructure.google_service_account.k8-sa"
          ]
        }
      ]
    },
    {
      "module": "module.infrastructure",
      "mode": "managed",
      "type": "google_service_account",
      "name": "k8-sa",
      "provider": "provider[\"registry.terraform.io/hashicorp/google\"]",
      "instances": [
        {
          "schema_version": 0,
          "attributes": {
            "account_id": "service-account-k8",
            "description": "",
            "disabled": false,
            "display_name": "Service Account k8",
            "email": "service-account-k8@gcp-final-project-368718.iam.gserviceaccount.com",
            "id": "projects/gcp-final-project-368718/serviceAccounts/service-account-k8@gcp-final-project-368718.iam.gserviceaccount.com",
            "member": "serviceAccount:service-account-k8@gcp-final-project-368718.iam.gserviceaccount.com",
            "name": "projects/gcp-final-project-368718/serviceAccounts/service-account-k8@gcp-final-project-368718.iam.gserviceaccount.com",
            "project": "gcp-final-project-368718",
            "timeouts": null,
            "unique_id": "107257198647251855186"
          },
          "sensitive_attributes": [],
          "private": "eyJlMmJmYjczMC1lY2FhLTExZTYtOGY4OC0zNDM2M2JjN2M0YzAiOnsiY3JlYXRlIjozMDAwMDAwMDAwMDB9fQ=="
        }
      ]
    },
    {
      "module": "module.infrastructure",
      "mode": "managed",
      "type": "google_service_account",
      "name": "mang-sa",
      "provider": "provider[\"registry.terraform.io/hashicorp/google\"]",
      "instances": [
        {
          "schema_version": 0,
          "attributes": {
            "account_id": "serviceaccountid1",
            "description": "",
            "disabled": false,
            "display_name": "Service Account 1",
            "email": "serviceaccountid1@gcp-final-project-368718.iam.gserviceaccount.com",
            "id": "projects/gcp-final-project-368718/serviceAccounts/serviceaccountid1@gcp-final-project-368718.iam.gserviceaccount.com",
            "member": "serviceAccount:serviceaccountid1@gcp-final-project-368718.iam.gserviceaccount.com",
            "name": "projects/gcp-final-project-368718/serviceAccounts/serviceaccountid1@gcp-final-project-368718.iam.gserviceaccount.com",
            "project": "gcp-final-project-368718",
            "timeouts": null,
            "unique_id": "104545883578370972424"
          },
          "sensitive_attributes": [],
          "private": "eyJlMmJmYjczMC1lY2FhLTExZTYtOGY4OC0zNDM2M2JjN2M0YzAiOnsiY3JlYXRlIjozMDAwMDAwMDAwMDB9fQ=="
        }
      ]
    }
  ],
  "check_results": []
}
